{
  "name": "consumer",
  "version": "1.0.0",
  "lockfileVersion": 3,
  "requires": true,
  "packages": {
    "": {
      "name": "consumer",
      "version": "1.0.0",
      "license": "ISC",
      "dependencies": {
        "package": "file:../package/package-1.0.0.tgz"
      }
    },
    "node_modules/package": {
      "version": "1.0.0",
      "resolved": "file:../package/package-1.0.0.tgz",
      "integrity": "sha512-fh8SaEvDeuUiujnf+pgvnuFrzoD+o+o+yUZRuA3PsDEc4tGrzDh44fXQKreGwZjLGR5D1fyB3Dd9epn9BMnsuA==",
      "license": "ISC"
    }
  }
}
